
Microsoft Visual Studio Solution File, Format Version 12.00
# Visual Studio Version 17
VisualStudioVersion = 17.7.34031.279
MinimumVisualStudioVersion = 10.0.40219.1
Project("{FAE04EC0-301F-11D3-BF4B-00C04F79EFBC}") = "InterfaceExamples", "InterfaceExamples\InterfaceExamples.csproj", "{5A0C3ABD-AE18-4F64-8B9A-4C18C11EAC91}"
EndProject
Project("{FAE04EC0-301F-11D3-BF4B-00C04F79EFBC}") = "TestExample", "TestExample\TestExample.csproj", "{DA4F982B-23B6-4757-A5D4-D0AC2FD189BD}"
EndProject
Global
	GlobalSection(SolutionConfigurationPlatforms) = preSolution
		Debug|Any CPU = Debug|Any CPU
		Release|Any CPU = Release|Any CPU
	EndGlobalSection
	GlobalSection(ProjectConfigurationPlatforms) = postSolution
		{5A0C3ABD-AE18-4F64-8B9A-4C18C11EAC91}.Debug|Any CPU.ActiveCfg = Debug|Any CPU
		{5A0C3ABD-AE18-4F64-8B9A-4C18C11EAC91}.Debug|Any CPU.Build.0 = Debug|Any CPU
		{5A0C3ABD-AE18-4F64-8B9A-4C18C11EAC91}.Release|Any CPU.ActiveCfg = Release|Any CPU
		{5A0C3ABD-AE18-4F64-8B9A-4C18C11EAC91}.Release|Any CPU.Build.0 = Release|Any CPU
		{DA4F982B-23B6-4757-A5D4-D0AC2FD189BD}.Debug|Any CPU.ActiveCfg = Debug|Any CPU
		{DA4F982B-23B6-4757-A5D4-D0AC2FD189BD}.Debug|Any CPU.Build.0 = Debug|Any CPU
		{DA4F982B-23B6-4757-A5D4-D0AC2FD189BD}.Release|Any CPU.ActiveCfg = Release|Any CPU
		{DA4F982B-23B6-4757-A5D4-D0AC2FD189BD}.Release|Any CPU.Build.0 = Release|Any CPU
	EndGlobalSection
	GlobalSection(SolutionProperties) = preSolution
		HideSolutionNode = FALSE
	EndGlobalSection
	GlobalSection(ExtensibilityGlobals) = postSolution
		SolutionGuid = {6366AEA1-9EE7-45A9-B2C7-7A4C18BFCBB1}
	EndGlobalSection
EndGlobal
