
Microsoft Visual Studio Solution File, Format Version 12.00
# Visual Studio Version 17
VisualStudioVersion = 17.7.34031.279
MinimumVisualStudioVersion = 10.0.40219.1
Project("{FAE04EC0-301F-11D3-BF4B-00C04F79EFBC}") = "NamespaceFolders", "NamespaceFolders\NamespaceFolders.csproj", "{BAD23E5F-80EA-4D66-BA22-262B3175AE4D}"
EndProject
Global
	GlobalSection(SolutionConfigurationPlatforms) = preSolution
		Debug|Any CPU = Debug|Any CPU
		Release|Any CPU = Release|Any CPU
	EndGlobalSection
	GlobalSection(ProjectConfigurationPlatforms) = postSolution
		{BAD23E5F-80EA-4D66-BA22-262B3175AE4D}.Debug|Any CPU.ActiveCfg = Debug|Any CPU
		{BAD23E5F-80EA-4D66-BA22-262B3175AE4D}.Debug|Any CPU.Build.0 = Debug|Any CPU
		{BAD23E5F-80EA-4D66-BA22-262B3175AE4D}.Release|Any CPU.ActiveCfg = Release|Any CPU
		{BAD23E5F-80EA-4D66-BA22-262B3175AE4D}.Release|Any CPU.Build.0 = Release|Any CPU
	EndGlobalSection
	GlobalSection(SolutionProperties) = preSolution
		HideSolutionNode = FALSE
	EndGlobalSection
	GlobalSection(ExtensibilityGlobals) = postSolution
		SolutionGuid = {AE3CBCD9-65E6-42EE-9EB2-D565DE66D92B}
	EndGlobalSection
EndGlobal
